{"filter":false,"title":"Gemfile.lock","tooltip":"/meshiterro/Gemfile.lock","undoManager":{"mark":-1,"position":-1,"stack":[]},"ace":{"folds":[],"scrolltop":2158.2000000000007,"scrollleft":0,"selection":{"start":{"row":0,"column":0},"end":{"row":0,"column":0},"isBackwards":false},"options":{"guessTabSize":true,"useWrapMode":false,"wrapToView":true},"firstLineState":{"row":153,"state":"start","mode":"ace/mode/text"}},"timestamp":1689996159324,"hash":"dbfea1f6597ae23cbb544b339b3496fb54926bd7"}